// !$*UTF8*$!
{
	archiveVersion = 1;
	classes = {
	};
	objectVersion = 46;
	objects = {

/* Begin PBXBuildFile section */
		2047236A201F861500B863BF /* GoogleService-Info.plist in Resources */ = {isa = PBXBuildFile; fileRef = 20472369201F861500B863BF /* GoogleService-Info.plist */; };
		2079BEAD201B89B1009A9D89 /* AlertManager.swift in Sources */ = {isa = PBXBuildFile; fileRef = 2079BEAC201B89B1009A9D89 /* AlertManager.swift */; };
		2079BEB0201B8A1B009A9D89 /* User.swift in Sources */ = {isa = PBXBuildFile; fileRef = 2079BEAF201B8A1B009A9D89 /* User.swift */; };
		20C25067201C918D0053A7CA /* UserManager.swift in Sources */ = {isa = PBXBuildFile; fileRef = 20C25066201C918D0053A7CA /* UserManager.swift */; };
		74EC4DF29788FAB13BD71C60 /* Pods_QRCodeReader.framework in Frameworks */ = {isa = PBXBuildFile; fileRef = 93C5E90130B3030F9A6C3C82 /* Pods_QRCodeReader.framework */; };
		F4F09DB71DAF669400026BB2 /* AppDelegate.swift in Sources */ = {isa = PBXBuildFile; fileRef = F4F09DB61DAF669400026BB2 /* AppDelegate.swift */; };
		F4F09DBC1DAF669400026BB2 /* Main.storyboard in Resources */ = {isa = PBXBuildFile; fileRef = F4F09DBA1DAF669400026BB2 /* Main.storyboard */; };
		F4F09DBE1DAF669400026BB2 /* Assets.xcassets in Resources */ = {isa = PBXBuildFile; fileRef = F4F09DBD1DAF669400026BB2 /* Assets.xcassets */; };
		F4F09DC11DAF669400026BB2 /* LaunchScreen.storyboard in Resources */ = {isa = PBXBuildFile; fileRef = F4F09DBF1DAF669400026BB2 /* LaunchScreen.storyboard */; };
		F4F09DC91DAF6A3800026BB2 /* QRCodeViewController.swift in Sources */ = {isa = PBXBuildFile; fileRef = F4F09DC81DAF6A3800026BB2 /* QRCodeViewController.swift */; };
		F4F09DCB1DAF6A4F00026BB2 /* QRScannerController.swift in Sources */ = {isa = PBXBuildFile; fileRef = F4F09DCA1DAF6A4F00026BB2 /* QRScannerController.swift */; };
/* End PBXBuildFile section */

/* Begin PBXFileReference section */
		20472369201F861500B863BF /* GoogleService-Info.plist */ = {isa = PBXFileReference; fileEncoding = 4; lastKnownFileType = text.plist.xml; path = "GoogleService-Info.plist"; sourceTree = "<group>"; };
		2079BEAC201B89B1009A9D89 /* AlertManager.swift */ = {isa = PBXFileReference; lastKnownFileType = sourcecode.swift; path = AlertManager.swift; sourceTree = "<group>"; };
		2079BEAF201B8A1B009A9D89 /* User.swift */ = {isa = PBXFileReference; lastKnownFileType = sourcecode.swift; path = User.swift; sourceTree = "<group>"; };
		20C25066201C918D0053A7CA /* UserManager.swift */ = {isa = PBXFileReference; lastKnownFileType = sourcecode.swift; path = UserManager.swift; sourceTree = "<group>"; };
		53012B081E7FB5C8A018426D /* Pods-QRCodeReader.debug.xcconfig */ = {isa = PBXFileReference; includeInIndex = 1; lastKnownFileType = text.xcconfig; name = "Pods-QRCodeReader.debug.xcconfig"; path = "Pods/Target Support Files/Pods-QRCodeReader/Pods-QRCodeReader.debug.xcconfig"; sourceTree = "<group>"; };
		7442DA045D437C754A56FB95 /* Pods-QRCodeReader.release.xcconfig */ = {isa = PBXFileReference; includeInIndex = 1; lastKnownFileType = text.xcconfig; name = "Pods-QRCodeReader.release.xcconfig"; path = "Pods/Target Support Files/Pods-QRCodeReader/Pods-QRCodeReader.release.xcconfig"; sourceTree = "<group>"; };
		93C5E90130B3030F9A6C3C82 /* Pods_QRCodeReader.framework */ = {isa = PBXFileReference; explicitFileType = wrapper.framework; includeInIndex = 0; path = Pods_QRCodeReader.framework; sourceTree = BUILT_PRODUCTS_DIR; };
		F4F09DB31DAF669400026BB2 /* QRCodeReader.app */ = {isa = PBXFileReference; explicitFileType = wrapper.application; includeInIndex = 0; path = QRCodeReader.app; sourceTree = BUILT_PRODUCTS_DIR; };
		F4F09DB61DAF669400026BB2 /* AppDelegate.swift */ = {isa = PBXFileReference; lastKnownFileType = sourcecode.swift; path = AppDelegate.swift; sourceTree = "<group>"; };
		F4F09DBB1DAF669400026BB2 /* Base */ = {isa = PBXFileReference; lastKnownFileType = file.storyboard; name = Base; path = Base.lproj/Main.storyboard; sourceTree = "<group>"; };
		F4F09DBD1DAF669400026BB2 /* Assets.xcassets */ = {isa = PBXFileReference; lastKnownFileType = folder.assetcatalog; path = Assets.xcassets; sourceTree = "<group>"; };
		F4F09DC01DAF669400026BB2 /* Base */ = {isa = PBXFileReference; lastKnownFileType = file.storyboard; name = Base; path = Base.lproj/LaunchScreen.storyboard; sourceTree = "<group>"; };
		F4F09DC21DAF669400026BB2 /* Info.plist */ = {isa = PBXFileReference; lastKnownFileType = text.plist.xml; path = Info.plist; sourceTree = "<group>"; };
		F4F09DC81DAF6A3800026BB2 /* QRCodeViewController.swift */ = {isa = PBXFileReference; fileEncoding = 4; lastKnownFileType = sourcecode.swift; path = QRCodeViewController.swift; sourceTree = "<group>"; };
		F4F09DCA1DAF6A4F00026BB2 /* QRScannerController.swift */ = {isa = PBXFileReference; fileEncoding = 4; lastKnownFileType = sourcecode.swift; path = QRScannerController.swift; sourceTree = "<group>"; };
/* End PBXFileReference section */

/* Begin PBXFrameworksBuildPhase section */
		F4F09DB01DAF669400026BB2 /* Frameworks */ = {
			isa = PBXFrameworksBuildPhase;
			buildActionMask = 2147483647;
			files = (
				74EC4DF29788FAB13BD71C60 /* Pods_QRCodeReader.framework in Frameworks */,
			);
			runOnlyForDeploymentPostprocessing = 0;
		};
/* End PBXFrameworksBuildPhase section */

/* Begin PBXGroup section */
		2079BEAE201B89FE009A9D89 /* Supporting files */ = {
			isa = PBXGroup;
			children = (
				F4F09DB61DAF669400026BB2 /* AppDelegate.swift */,
				F4F09DBD1DAF669400026BB2 /* Assets.xcassets */,
			);
			path = "Supporting files";
			sourceTree = "<group>";
		};
		2079BEB1201B8BAA009A9D89 /* Entity */ = {
			isa = PBXGroup;
			children = (
				2079BEAF201B8A1B009A9D89 /* User.swift */,
				20C25066201C918D0053A7CA /* UserManager.swift */,
			);
			path = Entity;
			sourceTree = "<group>";
		};
		2079BEB2201B8BB6009A9D89 /* Controller */ = {
			isa = PBXGroup;
			children = (
				F4F09DC81DAF6A3800026BB2 /* QRCodeViewController.swift */,
				F4F09DCA1DAF6A4F00026BB2 /* QRScannerController.swift */,
			);
			path = Controller;
			sourceTree = "<group>";
		};
		2079BEB3201B8BDC009A9D89 /* Service */ = {
			isa = PBXGroup;
			children = (
				2079BEAC201B89B1009A9D89 /* AlertManager.swift */,
			);
			path = Service;
			sourceTree = "<group>";
		};
		2079BEB4201B8C03009A9D89 /* View */ = {
			isa = PBXGroup;
			children = (
				F4F09DBA1DAF669400026BB2 /* Main.storyboard */,
				F4F09DBF1DAF669400026BB2 /* LaunchScreen.storyboard */,
			);
			path = View;
			sourceTree = "<group>";
		};
		714170AC034793829648BE72 /* Frameworks */ = {
			isa = PBXGroup;
			children = (
				93C5E90130B3030F9A6C3C82 /* Pods_QRCodeReader.framework */,
			);
			name = Frameworks;
			sourceTree = "<group>";
		};
		969ED848758BF4904C40484B /* Pods */ = {
			isa = PBXGroup;
			children = (
				53012B081E7FB5C8A018426D /* Pods-QRCodeReader.debug.xcconfig */,
				7442DA045D437C754A56FB95 /* Pods-QRCodeReader.release.xcconfig */,
			);
			name = Pods;
			sourceTree = "<group>";
		};
		F4F09DAA1DAF669400026BB2 = {
			isa = PBXGroup;
			children = (
				F4F09DB51DAF669400026BB2 /* QRCodeReader */,
				F4F09DB41DAF669400026BB2 /* Products */,
				969ED848758BF4904C40484B /* Pods */,
				714170AC034793829648BE72 /* Frameworks */,
			);
			sourceTree = "<group>";
		};
		F4F09DB41DAF669400026BB2 /* Products */ = {
			isa = PBXGroup;
			children = (
				F4F09DB31DAF669400026BB2 /* QRCodeReader.app */,
			);
			name = Products;
			sourceTree = "<group>";
		};
		F4F09DB51DAF669400026BB2 /* QRCodeReader */ = {
			isa = PBXGroup;
			children = (
				20472369201F861500B863BF /* GoogleService-Info.plist */,
				F4F09DC21DAF669400026BB2 /* Info.plist */,
				2079BEB2201B8BB6009A9D89 /* Controller */,
				2079BEB1201B8BAA009A9D89 /* Entity */,
				2079BEB3201B8BDC009A9D89 /* Service */,
				2079BEB4201B8C03009A9D89 /* View */,
				2079BEAE201B89FE009A9D89 /* Supporting files */,
			);
			path = QRCodeReader;
			sourceTree = "<group>";
		};
/* End PBXGroup section */

/* Begin PBXNativeTarget section */
		F4F09DB21DAF669400026BB2 /* QRCodeReader */ = {
			isa = PBXNativeTarget;
			buildConfigurationList = F4F09DC51DAF669400026BB2 /* Build configuration list for PBXNativeTarget "QRCodeReader" */;
			buildPhases = (
				42A5E3126F9B8000C1D7869F /* [CP] Check Pods Manifest.lock */,
				F4F09DAF1DAF669400026BB2 /* Sources */,
				F4F09DB01DAF669400026BB2 /* Frameworks */,
				F4F09DB11DAF669400026BB2 /* Resources */,
				4AA04DD0B51E5DA91BC0E970 /* [CP] Embed Pods Frameworks */,
				3F381EC652D06AD8C24BA10E /* [CP] Copy Pods Resources */,
			);
			buildRules = (
			);
			dependencies = (
			);
			name = QRCodeReader;
			productName = QRCodeReader;
			productReference = F4F09DB31DAF669400026BB2 /* QRCodeReader.app */;
			productType = "com.apple.product-type.application";
		};
/* End PBXNativeTarget section */

/* Begin PBXProject section */
		F4F09DAB1DAF669400026BB2 /* Project object */ = {
			isa = PBXProject;
			attributes = {
				LastSwiftUpdateCheck = 0800;
				LastUpgradeCheck = 0910;
				ORGANIZATIONNAME = AppCoda;
				TargetAttributes = {
					F4F09DB21DAF669400026BB2 = {
						CreatedOnToolsVersion = 8.0;
						DevelopmentTeam = TALWF53E28;
						LastSwiftMigration = 0910;
						ProvisioningStyle = Automatic;
					};
				};
			};
			buildConfigurationList = F4F09DAE1DAF669400026BB2 /* Build configuration list for PBXProject "QRCodeReader" */;
			compatibilityVersion = "Xcode 3.2";
			developmentRegion = English;
			hasScannedForEncodings = 0;
			knownRegions = (
				en,
				Base,
			);
			mainGroup = F4F09DAA1DAF669400026BB2;
			productRefGroup = F4F09DB41DAF669400026BB2 /* Products */;
			projectDirPath = "";
			projectRoot = "";
			targets = (
				F4F09DB21DAF669400026BB2 /* QRCodeReader */,
			);
		};
/* End PBXProject section */

/* Begin PBXResourcesBuildPhase section */
		F4F09DB11DAF669400026BB2 /* Resources */ = {
			isa = PBXResourcesBuildPhase;
			buildActionMask = 2147483647;
			files = (
				F4F09DC11DAF669400026BB2 /* LaunchScreen.storyboard in Resources */,
				2047236A201F861500B863BF /* GoogleService-Info.plist in Resources */,
				F4F09DBE1DAF669400026BB2 /* Assets.xcassets in Resources */,
				F4F09DBC1DAF669400026BB2 /* Main.storyboard in Resources */,
			);
			runOnlyForDeploymentPostprocessing = 0;
		};
/* End PBXResourcesBuildPhase section */

/* Begin PBXShellScriptBuildPhase section */
		3F381EC652D06AD8C24BA10E /* [CP] Copy Pods Resources */ = {
			isa = PBXShellScriptBuildPhase;
			buildActionMask = 2147483647;
			files = (
			);
			inputPaths = (
			);
			name = "[CP] Copy Pods Resources";
			outputPaths = (
			);
			runOnlyForDeploymentPostprocessing = 0;
			shellPath = /bin/sh;
			shellScript = "\"${SRCROOT}/Pods/Target Support Files/Pods-QRCodeReader/Pods-QRCodeReader-resources.sh\"\n";
			showEnvVarsInLog = 0;
		};
		42A5E3126F9B8000C1D7869F /* [CP] Check Pods Manifest.lock */ = {
			isa = PBXShellScriptBuildPhase;
			buildActionMask = 2147483647;
			files = (
			);
			inputPaths = (
				"${PODS_PODFILE_DIR_PATH}/Podfile.lock",
				"${PODS_ROOT}/Manifest.lock",
			);
			name = "[CP] Check Pods Manifest.lock";
			outputPaths = (
				"$(DERIVED_FILE_DIR)/Pods-QRCodeReader-checkManifestLockResult.txt",
			);
			runOnlyForDeploymentPostprocessing = 0;
			shellPath = /bin/sh;
			shellScript = "diff \"${PODS_PODFILE_DIR_PATH}/Podfile.lock\" \"${PODS_ROOT}/Manifest.lock\" > /dev/null\nif [ $? != 0 ] ; then\n    # print error to STDERR\n    echo \"error: The sandbox is not in sync with the Podfile.lock. Run 'pod install' or update your CocoaPods installation.\" >&2\n    exit 1\nfi\n# This output is used by Xcode 'outputs' to avoid re-running this script phase.\necho \"SUCCESS\" > \"${SCRIPT_OUTPUT_FILE_0}\"\n";
			showEnvVarsInLog = 0;
		};
		4AA04DD0B51E5DA91BC0E970 /* [CP] Embed Pods Frameworks */ = {
			isa = PBXShellScriptBuildPhase;
			buildActionMask = 2147483647;
			files = (
			);
			inputPaths = (
				"${SRCROOT}/Pods/Target Support Files/Pods-QRCodeReader/Pods-QRCodeReader-frameworks.sh",
				"${BUILT_PRODUCTS_DIR}/CDAlertView/CDAlertView.framework",
				"${BUILT_PRODUCTS_DIR}/GoogleToolboxForMac/GoogleToolboxForMac.framework",
				"${BUILT_PRODUCTS_DIR}/leveldb-library/leveldb.framework",
				"${BUILT_PRODUCTS_DIR}/nanopb/nanopb.framework",
			);
			name = "[CP] Embed Pods Frameworks";
			outputPaths = (
				"${TARGET_BUILD_DIR}/${FRAMEWORKS_FOLDER_PATH}/CDAlertView.framework",
				"${TARGET_BUILD_DIR}/${FRAMEWORKS_FOLDER_PATH}/GoogleToolboxForMac.framework",
				"${TARGET_BUILD_DIR}/${FRAMEWORKS_FOLDER_PATH}/leveldb.framework",
				"${TARGET_BUILD_DIR}/${FRAMEWORKS_FOLDER_PATH}/nanopb.framework",
			);
			runOnlyForDeploymentPostprocessing = 0;
			shellPath = /bin/sh;
			shellScript = "\"${SRCROOT}/Pods/Target Support Files/Pods-QRCodeReader/Pods-QRCodeReader-frameworks.sh\"\n";
			showEnvVarsInLog = 0;
		};
/* End PBXShellScriptBuildPhase section */

/* Begin PBXSourcesBuildPhase section */
		F4F09DAF1DAF669400026BB2 /* Sources */ = {
			isa = PBXSourcesBuildPhase;
			buildActionMask = 2147483647;
			files = (
				2079BEAD201B89B1009A9D89 /* AlertManager.swift in Sources */,
				F4F09DC91DAF6A3800026BB2 /* QRCodeViewController.swift in Sources */,
				F4F09DB71DAF669400026BB2 /* AppDelegate.swift in Sources */,
				2079BEB0201B8A1B009A9D89 /* User.swift in Sources */,
				20C25067201C918D0053A7CA /* UserManager.swift in Sources */,
				F4F09DCB1DAF6A4F00026BB2 /* QRScannerController.swift in Sources */,
			);
			runOnlyForDeploymentPostprocessing = 0;
		};
/* End PBXSourcesBuildPhase section */

/* Begin PBXVariantGroup section */
		F4F09DBA1DAF669400026BB2 /* Main.storyboard */ = {
			isa = PBXVariantGroup;
			children = (
				F4F09DBB1DAF669400026BB2 /* Base */,
			);
			name = Main.storyboard;
			sourceTree = "<group>";
		};
		F4F09DBF1DAF669400026BB2 /* LaunchScreen.storyboard */ = {
			isa = PBXVariantGroup;
			children = (
				F4F09DC01DAF669400026BB2 /* Base */,
			);
			name = LaunchScreen.storyboard;
			sourceTree = "<group>";
		};
/* End PBXVariantGroup section */

/* Begin XCBuildConfiguration section */
		F4F09DC31DAF669400026BB2 /* Debug */ = {
			isa = XCBuildConfiguration;
			buildSettings = {
				ALWAYS_SEARCH_USER_PATHS = NO;
				CLANG_ANALYZER_NONNULL = YES;
				CLANG_CXX_LANGUAGE_STANDARD = "gnu++0x";
				CLANG_CXX_LIBRARY = "libc++";
				CLANG_ENABLE_MODULES = YES;
				CLANG_ENABLE_OBJC_ARC = YES;
				CLANG_WARN_BLOCK_CAPTURE_AUTORELEASING = YES;
				CLANG_WARN_BOOL_CONVERSION = YES;
				CLANG_WARN_COMMA = YES;
				CLANG_WARN_CONSTANT_CONVERSION = YES;
				CLANG_WARN_DIRECT_OBJC_ISA_USAGE = YES_ERROR;
				CLANG_WARN_DOCUMENTATION_COMMENTS = YES;
				CLANG_WARN_EMPTY_BODY = YES;
				CLANG_WARN_ENUM_CONVERSION = YES;
				CLANG_WARN_INFINITE_RECURSION = YES;
				CLANG_WARN_INT_CONVERSION = YES;
				CLANG_WARN_NON_LITERAL_NULL_CONVERSION = YES;
				CLANG_WARN_OBJC_LITERAL_CONVERSION = YES;
				CLANG_WARN_OBJC_ROOT_CLASS = YES_ERROR;
				CLANG_WARN_RANGE_LOOP_ANALYSIS = YES;
				CLANG_WARN_STRICT_PROTOTYPES = YES;
				CLANG_WARN_SUSPICIOUS_MOVE = YES;
				CLANG_WARN_SUSPICIOUS_MOVES = YES;
				CLANG_WARN_UNREACHABLE_CODE = YES;
				CLANG_WARN__DUPLICATE_METHOD_MATCH = YES;
				"CODE_SIGN_IDENTITY[sdk=iphoneos*]" = "iPhone Developer";
				COPY_PHASE_STRIP = NO;
				DEBUG_INFORMATION_FORMAT = dwarf;
				ENABLE_STRICT_OBJC_MSGSEND = YES;
				ENABLE_TESTABILITY = YES;
				GCC_C_LANGUAGE_STANDARD = gnu99;
				GCC_DYNAMIC_NO_PIC = NO;
				GCC_NO_COMMON_BLOCKS = YES;
				GCC_OPTIMIZATION_LEVEL = 0;
				GCC_PREPROCESSOR_DEFINITIONS = (
					"DEBUG=1",
					"$(inherited)",
				);
				GCC_WARN_64_TO_32_BIT_CONVERSION = YES;
				GCC_WARN_ABOUT_RETURN_TYPE = YES_ERROR;
				GCC_WARN_UNDECLARED_SELECTOR = YES;
				GCC_WARN_UNINITIALIZED_AUTOS = YES_AGGRESSIVE;
				GCC_WARN_UNUSED_FUNCTION = YES;
				GCC_WARN_UNUSED_VARIABLE = YES;
				IPHONEOS_DEPLOYMENT_TARGET = 11.0;
				MTL_ENABLE_DEBUG_INFO = YES;
				ONLY_ACTIVE_ARCH = YES;
				SDKROOT = iphoneos;
				SWIFT_ACTIVE_COMPILATION_CONDITIONS = DEBUG;
				SWIFT_OPTIMIZATION_LEVEL = "-Onone";
				TARGETED_DEVICE_FAMILY = "1,2";
			};
			name = Debug;
		};
		F4F09DC41DAF669400026BB2 /* Release */ = {
			isa = XCBuildConfiguration;
			buildSettings = {
				ALWAYS_SEARCH_USER_PATHS = NO;
				CLANG_ANALYZER_NONNULL = YES;
				CLANG_CXX_LANGUAGE_STANDARD = "gnu++0x";
				CLANG_CXX_LIBRARY = "libc++";
				CLANG_ENABLE_MODULES = YES;
				CLANG_ENABLE_OBJC_ARC = YES;
				CLANG_WARN_BLOCK_CAPTURE_AUTORELEASING = YES;
				CLANG_WARN_BOOL_CONVERSION = YES;
				CLANG_WARN_COMMA = YES;
				CLANG_WARN_CONSTANT_CONVERSION = YES;
				CLANG_WARN_DIRECT_OBJC_ISA_USAGE = YES_ERROR;
				CLANG_WARN_DOCUMENTATION_COMMENTS = YES;
				CLANG_WARN_EMPTY_BODY = YES;
				CLANG_WARN_ENUM_CONVERSION = YES;
				CLANG_WARN_INFINITE_RECURSION = YES;
				CLANG_WARN_INT_CONVERSION = YES;
				CLANG_WARN_NON_LITERAL_NULL_CONVERSION = YES;
				CLANG_WARN_OBJC_LITERAL_CONVERSION = YES;
				CLANG_WARN_OBJC_ROOT_CLASS = YES_ERROR;
				CLANG_WARN_RANGE_LOOP_ANALYSIS = YES;
				CLANG_WARN_STRICT_PROTOTYPES = YES;
				CLANG_WARN_SUSPICIOUS_MOVE = YES;
				CLANG_WARN_SUSPICIOUS_MOVES = YES;
				CLANG_WARN_UNREACHABLE_CODE = YES;
				CLANG_WARN__DUPLICATE_METHOD_MATCH = YES;
				"CODE_SIGN_IDENTITY[sdk=iphoneos*]" = "iPhone Developer";
				COPY_PHASE_STRIP = NO;
				DEBUG_INFORMATION_FORMAT = "dwarf-with-dsym";
				ENABLE_NS_ASSERTIONS = NO;
				ENABLE_STRICT_OBJC_MSGSEND = YES;
				GCC_C_LANGUAGE_STANDARD = gnu99;
				GCC_NO_COMMON_BLOCKS = YES;
				GCC_WARN_64_TO_32_BIT_CONVERSION = YES;
				GCC_WARN_ABOUT_RETURN_TYPE = YES_ERROR;
				GCC_WARN_UNDECLARED_SELECTOR = YES;
				GCC_WARN_UNINITIALIZED_AUTOS = YES_AGGRESSIVE;
				GCC_WARN_UNUSED_FUNCTION = YES;
				GCC_WARN_UNUSED_VARIABLE = YES;
				IPHONEOS_DEPLOYMENT_TARGET = 11.0;
				MTL_ENABLE_DEBUG_INFO = NO;
				SDKROOT = iphoneos;
				SWIFT_OPTIMIZATION_LEVEL = "-Owholemodule";
				TARGETED_DEVICE_FAMILY = "1,2";
				VALIDATE_PRODUCT = YES;
			};
			name = Release;
		};
		F4F09DC61DAF669400026BB2 /* Debug */ = {
			isa = XCBuildConfiguration;
			baseConfigurationReference = 53012B081E7FB5C8A018426D /* Pods-QRCodeReader.debug.xcconfig */;
			buildSettings = {
				ASSETCATALOG_COMPILER_APPICON_NAME = AppIcon;
				DEVELOPMENT_TEAM = TALWF53E28;
				INFOPLIST_FILE = QRCodeReader/Info.plist;
				LD_RUNPATH_SEARCH_PATHS = "$(inherited) @executable_path/Frameworks";
				PRODUCT_BUNDLE_IDENTIFIER = "darkhonbek-QRCodeReader";
				PRODUCT_NAME = "$(TARGET_NAME)";
				SWIFT_SWIFT3_OBJC_INFERENCE = Off;
				SWIFT_VERSION = 4.0;
			};
			name = Debug;
		};
		F4F09DC71DAF669400026BB2 /* Release */ = {
			isa = XCBuildConfiguration;
			baseConfigurationReference = 7442DA045D437C754A56FB95 /* Pods-QRCodeReader.release.xcconfig */;
			buildSettings = {
				ASSETCATALOG_COMPILER_APPICON_NAME = AppIcon;
				DEVELOPMENT_TEAM = TALWF53E28;
				INFOPLIST_FILE = QRCodeReader/Info.plist;
				LD_RUNPATH_SEARCH_PATHS = "$(inherited) @executable_path/Frameworks";
				PRODUCT_BUNDLE_IDENTIFIER = "darkhonbek-QRCodeReader";
				PRODUCT_NAME = "$(TARGET_NAME)";
				SWIFT_SWIFT3_OBJC_INFERENCE = Off;
				SWIFT_VERSION = 4.0;
			};
			name = Release;
		};
/* End XCBuildConfiguration section */

/* Begin XCConfigurationList section */
		F4F09DAE1DAF669400026BB2 /* Build configuration list for PBXProject "QRCodeReader" */ = {
			isa = XCConfigurationList;
			buildConfigurations = (
				F4F09DC31DAF669400026BB2 /* Debug */,
				F4F09DC41DAF669400026BB2 /* Release */,
			);
			defaultConfigurationIsVisible = 0;
			defaultConfigurationName = Release;
		};
		F4F09DC51DAF669400026BB2 /* Build configuration list for PBXNativeTarget "QRCodeReader" */ = {
			isa = XCConfigurationList;
			buildConfigurations = (
				F4F09DC61DAF669400026BB2 /* Debug */,
				F4F09DC71DAF669400026BB2 /* Release */,
			);
			defaultConfigurationIsVisible = 0;
			defaultConfigurationName = Release;
		};
/* End XCConfigurationList section */
	};
	rootObject = F4F09DAB1DAF669400026BB2 /* Project object */;
}
